{
  "originHash" : "0d51d5df2d8522022b8f2e2c9400ecf36fd24fe8898672669b91c8377b60a2ef",
  "pins" : [
    {
      "identity" : "asyncobservable",
      "kind" : "remoteSourceControl",
      "location" : "https://github.com/meech-ward/AsyncObservable.git",
      "state" : {
        "branch" : "main",
        "revision" : "cca3380aa92094932d2dda2190198f4cbb47636b"
      }
    },
    {
      "identity" : "ios-corebluetooth-mock",
      "kind" : "remoteSourceControl",
      "location" : "https://github.com/meech-ward/IOS-CoreBluetooth-Mock.git",
      "state" : {
        "branch" : "main",
        "revision" : "10845e90f870a20c5b0a0471a28c8bff8ca2027a"
      }
    },
    {
      "identity" : "swift-collections",
      "kind" : "remoteSourceControl",
      "location" : "https://github.com/apple/swift-collections.git",
      "state" : {
        "revision" : "671108c96644956dddcd89dd59c203dcdb36cec7",
        "version" : "1.1.4"
      }
    }
  ],
  "version" : 3
}
