{
  "originHash" : "bb80178770e1a0d82e64038701f7868377f96d2f39c0b4ff2f8440f0b8b0b2d9",
  "pins" : [
    {
      "identity" : "asyncobservable",
      "kind" : "remoteSourceControl",
      "location" : "https://github.com/meech-ward/AsyncObservable.git",
      "state" : {
        "branch" : "main",
        "revision" : "0c7bdec1fb0c5341de7e463385683cb0b655f885"
      }
    },
    {
      "identity" : "ios-corebluetooth-mock",
      "kind" : "remoteSourceControl",
      "location" : "https://github.com/meech-ward/IOS-CoreBluetooth-Mock.git",
      "state" : {
        "branch" : "main",
        "revision" : "10845e90f870a20c5b0a0471a28c8bff8ca2027a"
      }
    },
    {
      "identity" : "swift-collections",
      "kind" : "remoteSourceControl",
      "location" : "https://github.com/apple/swift-collections.git",
      "state" : {
        "revision" : "671108c96644956dddcd89dd59c203dcdb36cec7",
        "version" : "1.1.4"
      }
    }
  ],
  "version" : 3
}
