{
  "originHash" : "75a2a92793bb243fdc3660a6fa322ab2c432a5c98822acd357345422525fe02d",
  "pins" : [
    {
      "identity" : "ios-corebluetooth-mock",
      "kind" : "remoteSourceControl",
      "location" : "https://github.com/meech-ward/IOS-CoreBluetooth-Mock.git",
      "state" : {
        "branch" : "main",
        "revision" : "10845e90f870a20c5b0a0471a28c8bff8ca2027a"
      }
    },
    {
      "identity" : "swift-collections",
      "kind" : "remoteSourceControl",
      "location" : "https://github.com/apple/swift-collections.git",
      "state" : {
        "revision" : "671108c96644956dddcd89dd59c203dcdb36cec7",
        "version" : "1.1.4"
      }
    },
    {
      "identity" : "swift-might-fail",
      "kind" : "remoteSourceControl",
      "location" : "https://github.com/might-fail/swift-might-fail.git",
      "state" : {
        "branch" : "main",
        "revision" : "91422ebe2927aa08620f07d574ce815b58c6d14f"
      }
    }
  ],
  "version" : 3
}
