{
  "originHash" : "a6bfa06ec839dc3fd3d212174d50967a82296d2611db511a903e7e3bf6edbeb5",
  "pins" : [
    {
      "identity" : "asynccorebluetooth",
      "kind" : "remoteSourceControl",
      "location" : "https://github.com/meech-ward/AsyncCoreBluetooth.git",
      "state" : {
        "branch" : "main",
        "revision" : "c76f35f0b44382364288071b032de97036a7413d"
      }
    },
    {
      "identity" : "asyncobservable",
      "kind" : "remoteSourceControl",
      "location" : "https://github.com/meech-ward/AsyncObservable.git",
      "state" : {
        "branch" : "main",
        "revision" : "0c7bdec1fb0c5341de7e463385683cb0b655f885"
      }
    },
    {
      "identity" : "ios-corebluetooth-mock",
      "kind" : "remoteSourceControl",
      "location" : "https://github.com/meech-ward/IOS-CoreBluetooth-Mock.git",
      "state" : {
        "branch" : "main",
        "revision" : "10845e90f870a20c5b0a0471a28c8bff8ca2027a"
      }
    },
    {
      "identity" : "swift-collections",
      "kind" : "remoteSourceControl",
      "location" : "https://github.com/apple/swift-collections.git",
      "state" : {
        "revision" : "671108c96644956dddcd89dd59c203dcdb36cec7",
        "version" : "1.1.4"
      }
    }
  ],
  "version" : 3
}
